// !$*UTF8*$!
{
	archiveVersion = 1;
	classes = {
	};
	objectVersion = 51;
	objects = {

/* Begin PBXBuildFile section */
		9817B9F5252EC055003C7784 /* AppDelegate.swift in Sources */ = {isa = PBXBuildFile; fileRef = 9817B9F4252EC055003C7784 /* AppDelegate.swift */; };
		9817B9F7252EC055003C7784 /* SceneDelegate.swift in Sources */ = {isa = PBXBuildFile; fileRef = 9817B9F6252EC055003C7784 /* SceneDelegate.swift */; };
		9817BA01252EC059003C7784 /* LaunchScreen.storyboard in Resources */ = {isa = PBXBuildFile; fileRef = 9817B9FF252EC059003C7784 /* LaunchScreen.storyboard */; };
		9817BA16252EC3DF003C7784 /* MainTabController.swift in Sources */ = {isa = PBXBuildFile; fileRef = 9817BA15252EC3DF003C7784 /* MainTabController.swift */; };
		9817BA19252EC4A0003C7784 /* FeedController.swift in Sources */ = {isa = PBXBuildFile; fileRef = 9817BA18252EC4A0003C7784 /* FeedController.swift */; };
		9817BA1C252EC4CF003C7784 /* ExploreController.swift in Sources */ = {isa = PBXBuildFile; fileRef = 9817BA1B252EC4CF003C7784 /* ExploreController.swift */; };
		9817BA1F252EC4E4003C7784 /* NotificationController.swift in Sources */ = {isa = PBXBuildFile; fileRef = 9817BA1E252EC4E4003C7784 /* NotificationController.swift */; };
		9817BA22252EC4F2003C7784 /* ConversationController.swift in Sources */ = {isa = PBXBuildFile; fileRef = 9817BA21252EC4F2003C7784 /* ConversationController.swift */; };
		9817BA29252EC799003C7784 /* Assets.xcassets in Resources */ = {isa = PBXBuildFile; fileRef = 9817BA28252EC799003C7784 /* Assets.xcassets */; };
		9817BA53252EF6D3003C7784 /* Extension.swift in Sources */ = {isa = PBXBuildFile; fileRef = 9817BA52252EF6D3003C7784 /* Extension.swift */; };
		9817BA57252F499F003C7784 /* LoginController.swift in Sources */ = {isa = PBXBuildFile; fileRef = 9817BA56252F499F003C7784 /* LoginController.swift */; };
		9817BA5A252F4A58003C7784 /* RegistrationController.swift in Sources */ = {isa = PBXBuildFile; fileRef = 9817BA59252F4A58003C7784 /* RegistrationController.swift */; };
		9817BA5F2531424F003C7784 /* Utilities.swift in Sources */ = {isa = PBXBuildFile; fileRef = 9817BA5E2531424F003C7784 /* Utilities.swift */; };
		9817BA8925320388003C7784 /* Contents.swift in Sources */ = {isa = PBXBuildFile; fileRef = 9817BA8825320388003C7784 /* Contents.swift */; };
		9817BA8D25321551003C7784 /* AuthService.swift in Sources */ = {isa = PBXBuildFile; fileRef = 9817BA8C25321550003C7784 /* AuthService.swift */; };
		9877ECA9253D92D500A9A29B /* TweetViewModel.swift in Sources */ = {isa = PBXBuildFile; fileRef = 9877ECA8253D92D500A9A29B /* TweetViewModel.swift */; };
		9877ECAC253D9D0000A9A29B /* ProfileController.swift in Sources */ = {isa = PBXBuildFile; fileRef = 9877ECAB253D9D0000A9A29B /* ProfileController.swift */; };
		9877ECB0253DD4D400A9A29B /* ProfileHeader.swift in Sources */ = {isa = PBXBuildFile; fileRef = 9877ECAF253DD4D400A9A29B /* ProfileHeader.swift */; };
		9877ECB3253DFA1200A9A29B /* ProfileFilterView.swift in Sources */ = {isa = PBXBuildFile; fileRef = 9877ECB2253DFA1200A9A29B /* ProfileFilterView.swift */; };
		9877ECB7253DFCD500A9A29B /* ProfileFilterCell.swift in Sources */ = {isa = PBXBuildFile; fileRef = 9877ECB6253DFCD500A9A29B /* ProfileFilterCell.swift */; };
		9877ECBA253E0B2E00A9A29B /* ProfileHeaderViewModel.swift in Sources */ = {isa = PBXBuildFile; fileRef = 9877ECB9253E0B2E00A9A29B /* ProfileHeaderViewModel.swift */; };
		9877ED03253ECD0500A9A29B /* GoogleService-Info.plist in Resources */ = {isa = PBXBuildFile; fileRef = 9877ECD6253ECC7000A9A29B /* GoogleService-Info.plist */; };
		98CE5B602532A78600B25FC9 /* UserService.swift in Sources */ = {isa = PBXBuildFile; fileRef = 98CE5B5F2532A78600B25FC9 /* UserService.swift */; };
		98CE5B632532ABD700B25FC9 /* User.swift in Sources */ = {isa = PBXBuildFile; fileRef = 98CE5B622532ABD700B25FC9 /* User.swift */; };
		98CE5B892532BBA400B25FC9 /* UploadTweetController.swift in Sources */ = {isa = PBXBuildFile; fileRef = 98CE5B882532BBA400B25FC9 /* UploadTweetController.swift */; };
		98CE5B8C2532D26600B25FC9 /* CaptionTextView.swift in Sources */ = {isa = PBXBuildFile; fileRef = 98CE5B8B2532D26600B25FC9 /* CaptionTextView.swift */; };
		98CE5B8F2532E4F100B25FC9 /* TweetService.swift in Sources */ = {isa = PBXBuildFile; fileRef = 98CE5B8E2532E4F100B25FC9 /* TweetService.swift */; };
		98CE5B9225333BD400B25FC9 /* Tweet.swift in Sources */ = {isa = PBXBuildFile; fileRef = 98CE5B9125333BD400B25FC9 /* Tweet.swift */; };
		98CE5B952534362900B25FC9 /* TweetCell.swift in Sources */ = {isa = PBXBuildFile; fileRef = 98CE5B942534362900B25FC9 /* TweetCell.swift */; };
		F2335AC274FF384D88DE43F1 /* Pods_TwitterTutorial.framework in Frameworks */ = {isa = PBXBuildFile; fileRef = CAD5B11AF31B20E8F4E7E970 /* Pods_TwitterTutorial.framework */; };
/* End PBXBuildFile section */

/* Begin PBXFileReference section */
		0C38C23F8FA2E16FF2818079 /* Pods-TwitterTutorial.release.xcconfig */ = {isa = PBXFileReference; includeInIndex = 1; lastKnownFileType = text.xcconfig; name = "Pods-TwitterTutorial.release.xcconfig"; path = "Target Support Files/Pods-TwitterTutorial/Pods-TwitterTutorial.release.xcconfig"; sourceTree = "<group>"; };
		776EB9F31761D518A22A32CF /* Pods-TwitterTutorial.debug.xcconfig */ = {isa = PBXFileReference; includeInIndex = 1; lastKnownFileType = text.xcconfig; name = "Pods-TwitterTutorial.debug.xcconfig"; path = "Target Support Files/Pods-TwitterTutorial/Pods-TwitterTutorial.debug.xcconfig"; sourceTree = "<group>"; };
		9817B9F1252EC055003C7784 /* TwitterTutorial.app */ = {isa = PBXFileReference; explicitFileType = wrapper.application; includeInIndex = 0; path = TwitterTutorial.app; sourceTree = BUILT_PRODUCTS_DIR; };
		9817B9F4252EC055003C7784 /* AppDelegate.swift */ = {isa = PBXFileReference; lastKnownFileType = sourcecode.swift; path = AppDelegate.swift; sourceTree = "<group>"; };
		9817B9F6252EC055003C7784 /* SceneDelegate.swift */ = {isa = PBXFileReference; lastKnownFileType = sourcecode.swift; path = SceneDelegate.swift; sourceTree = "<group>"; };
		9817B9FB252EC055003C7784 /* Base */ = {isa = PBXFileReference; lastKnownFileType = file.storyboard; name = Base; path = Base.lproj/Main.storyboard; sourceTree = "<group>"; };
		9817BA00252EC059003C7784 /* Base */ = {isa = PBXFileReference; lastKnownFileType = file.storyboard; name = Base; path = Base.lproj/LaunchScreen.storyboard; sourceTree = "<group>"; };
		9817BA15252EC3DF003C7784 /* MainTabController.swift */ = {isa = PBXFileReference; lastKnownFileType = sourcecode.swift; path = MainTabController.swift; sourceTree = "<group>"; };
		9817BA18252EC4A0003C7784 /* FeedController.swift */ = {isa = PBXFileReference; lastKnownFileType = sourcecode.swift; path = FeedController.swift; sourceTree = "<group>"; };
		9817BA1B252EC4CF003C7784 /* ExploreController.swift */ = {isa = PBXFileReference; lastKnownFileType = sourcecode.swift; path = ExploreController.swift; sourceTree = "<group>"; };
		9817BA1E252EC4E4003C7784 /* NotificationController.swift */ = {isa = PBXFileReference; lastKnownFileType = sourcecode.swift; path = NotificationController.swift; sourceTree = "<group>"; };
		9817BA21252EC4F2003C7784 /* ConversationController.swift */ = {isa = PBXFileReference; lastKnownFileType = sourcecode.swift; path = ConversationController.swift; sourceTree = "<group>"; };
		9817BA28252EC799003C7784 /* Assets.xcassets */ = {isa = PBXFileReference; lastKnownFileType = folder.assetcatalog; name = Assets.xcassets; path = ../../../../../Downloads/Assets.xcassets; sourceTree = "<group>"; };
		9817BA52252EF6D3003C7784 /* Extension.swift */ = {isa = PBXFileReference; lastKnownFileType = sourcecode.swift; path = Extension.swift; sourceTree = "<group>"; };
		9817BA56252F499F003C7784 /* LoginController.swift */ = {isa = PBXFileReference; lastKnownFileType = sourcecode.swift; path = LoginController.swift; sourceTree = "<group>"; };
		9817BA59252F4A58003C7784 /* RegistrationController.swift */ = {isa = PBXFileReference; lastKnownFileType = sourcecode.swift; path = RegistrationController.swift; sourceTree = "<group>"; };
		9817BA5E2531424F003C7784 /* Utilities.swift */ = {isa = PBXFileReference; lastKnownFileType = sourcecode.swift; path = Utilities.swift; sourceTree = "<group>"; };
		9817BA8825320388003C7784 /* Contents.swift */ = {isa = PBXFileReference; lastKnownFileType = sourcecode.swift; path = Contents.swift; sourceTree = "<group>"; };
		9817BA8C25321550003C7784 /* AuthService.swift */ = {isa = PBXFileReference; lastKnownFileType = sourcecode.swift; path = AuthService.swift; sourceTree = "<group>"; };
		9877ECA8253D92D500A9A29B /* TweetViewModel.swift */ = {isa = PBXFileReference; lastKnownFileType = sourcecode.swift; path = TweetViewModel.swift; sourceTree = "<group>"; };
		9877ECAB253D9D0000A9A29B /* ProfileController.swift */ = {isa = PBXFileReference; lastKnownFileType = sourcecode.swift; path = ProfileController.swift; sourceTree = "<group>"; };
		9877ECAF253DD4D400A9A29B /* ProfileHeader.swift */ = {isa = PBXFileReference; lastKnownFileType = sourcecode.swift; path = ProfileHeader.swift; sourceTree = "<group>"; };
		9877ECB2253DFA1200A9A29B /* ProfileFilterView.swift */ = {isa = PBXFileReference; lastKnownFileType = sourcecode.swift; path = ProfileFilterView.swift; sourceTree = "<group>"; };
		9877ECB6253DFCD500A9A29B /* ProfileFilterCell.swift */ = {isa = PBXFileReference; lastKnownFileType = sourcecode.swift; path = ProfileFilterCell.swift; sourceTree = "<group>"; };
		9877ECB9253E0B2E00A9A29B /* ProfileHeaderViewModel.swift */ = {isa = PBXFileReference; lastKnownFileType = sourcecode.swift; path = ProfileHeaderViewModel.swift; sourceTree = "<group>"; };
		9877ECD6253ECC7000A9A29B /* GoogleService-Info.plist */ = {isa = PBXFileReference; lastKnownFileType = text.plist; path = "GoogleService-Info.plist"; sourceTree = SOURCE_ROOT; };
		9877ED3F253ED16200A9A29B /* Info.plist */ = {isa = PBXFileReference; fileEncoding = 4; lastKnownFileType = text.plist.xml; path = Info.plist; sourceTree = "<group>"; };
		98CE5B5F2532A78600B25FC9 /* UserService.swift */ = {isa = PBXFileReference; lastKnownFileType = sourcecode.swift; path = UserService.swift; sourceTree = "<group>"; };
		98CE5B622532ABD700B25FC9 /* User.swift */ = {isa = PBXFileReference; lastKnownFileType = sourcecode.swift; path = User.swift; sourceTree = "<group>"; };
		98CE5B882532BBA400B25FC9 /* UploadTweetController.swift */ = {isa = PBXFileReference; lastKnownFileType = sourcecode.swift; path = UploadTweetController.swift; sourceTree = "<group>"; };
		98CE5B8B2532D26600B25FC9 /* CaptionTextView.swift */ = {isa = PBXFileReference; lastKnownFileType = sourcecode.swift; path = CaptionTextView.swift; sourceTree = "<group>"; };
		98CE5B8E2532E4F100B25FC9 /* TweetService.swift */ = {isa = PBXFileReference; lastKnownFileType = sourcecode.swift; path = TweetService.swift; sourceTree = "<group>"; };
		98CE5B9125333BD400B25FC9 /* Tweet.swift */ = {isa = PBXFileReference; lastKnownFileType = sourcecode.swift; path = Tweet.swift; sourceTree = "<group>"; };
		98CE5B942534362900B25FC9 /* TweetCell.swift */ = {isa = PBXFileReference; lastKnownFileType = sourcecode.swift; path = TweetCell.swift; sourceTree = "<group>"; };
		CAD5B11AF31B20E8F4E7E970 /* Pods_TwitterTutorial.framework */ = {isa = PBXFileReference; explicitFileType = wrapper.framework; includeInIndex = 0; path = Pods_TwitterTutorial.framework; sourceTree = BUILT_PRODUCTS_DIR; };
/* End PBXFileReference section */

/* Begin PBXFrameworksBuildPhase section */
		9817B9EE252EC055003C7784 /* Frameworks */ = {
			isa = PBXFrameworksBuildPhase;
			buildActionMask = 2147483647;
			files = (
				F2335AC274FF384D88DE43F1 /* Pods_TwitterTutorial.framework in Frameworks */,
			);
			runOnlyForDeploymentPostprocessing = 0;
		};
/* End PBXFrameworksBuildPhase section */

/* Begin PBXGroup section */
		0D0ED761C3D7962D79A933E8 /* Frameworks */ = {
			isa = PBXGroup;
			children = (
				CAD5B11AF31B20E8F4E7E970 /* Pods_TwitterTutorial.framework */,
			);
			name = Frameworks;
			sourceTree = "<group>";
		};
		9817B9E8252EC055003C7784 = {
			isa = PBXGroup;
			children = (
				9817B9F3252EC055003C7784 /* TwitterTutorial */,
				9817B9F2252EC055003C7784 /* Products */,
				9AD3E07E2D94A3210A2651EC /* Pods */,
				0D0ED761C3D7962D79A933E8 /* Frameworks */,
			);
			sourceTree = "<group>";
		};
		9817B9F2252EC055003C7784 /* Products */ = {
			isa = PBXGroup;
			children = (
				9817B9F1252EC055003C7784 /* TwitterTutorial.app */,
			);
			name = Products;
			sourceTree = "<group>";
		};
		9817B9F3252EC055003C7784 /* TwitterTutorial */ = {
			isa = PBXGroup;
			children = (
				9817BA0D252EC09A003C7784 /* Model */,
				9817BA0C252EC097003C7784 /* View */,
				9877ECA3253D924A00A9A29B /*  ViewModel */,
				9817BA0A252EC087003C7784 /* Controller */,
				9817BA09252EC07B003C7784 /* API */,
				9817BA0E252EC0C9003C7784 /* Utilities */,
				9817B9F4252EC055003C7784 /* AppDelegate.swift */,
				9817B9F6252EC055003C7784 /* SceneDelegate.swift */,
				9817B9FA252EC055003C7784 /* Main.storyboard */,
				9817BA28252EC799003C7784 /* Assets.xcassets */,
				9817B9FF252EC059003C7784 /* LaunchScreen.storyboard */,
				9877ECD6253ECC7000A9A29B /* GoogleService-Info.plist */,
				9877ED3F253ED16200A9A29B /* Info.plist */,
			);
			path = TwitterTutorial;
			sourceTree = "<group>";
		};
		9817BA09252EC07B003C7784 /* API */ = {
			isa = PBXGroup;
			children = (
				9817BA8C25321550003C7784 /* AuthService.swift */,
				98CE5B5F2532A78600B25FC9 /* UserService.swift */,
				98CE5B8E2532E4F100B25FC9 /* TweetService.swift */,
			);
			path = API;
			sourceTree = "<group>";
		};
		9817BA0A252EC087003C7784 /* Controller */ = {
			isa = PBXGroup;
			children = (
				9817BA55252F492A003C7784 /* Authentication */,
				9817BA15252EC3DF003C7784 /* MainTabController.swift */,
				9817BA18252EC4A0003C7784 /* FeedController.swift */,
				9817BA1B252EC4CF003C7784 /* ExploreController.swift */,
				9817BA1E252EC4E4003C7784 /* NotificationController.swift */,
				9817BA21252EC4F2003C7784 /* ConversationController.swift */,
				98CE5B882532BBA400B25FC9 /* UploadTweetController.swift */,
				9877ECAB253D9D0000A9A29B /* ProfileController.swift */,
			);
			path = Controller;
			sourceTree = "<group>";
		};
		9817BA0C252EC097003C7784 /* View */ = {
			isa = PBXGroup;
			children = (
				98CE5B8B2532D26600B25FC9 /* CaptionTextView.swift */,
				98CE5B942534362900B25FC9 /* TweetCell.swift */,
				9877ECAF253DD4D400A9A29B /* ProfileHeader.swift */,
				9877ECB2253DFA1200A9A29B /* ProfileFilterView.swift */,
				9877ECB6253DFCD500A9A29B /* ProfileFilterCell.swift */,
			);
			path = View;
			sourceTree = "<group>";
		};
		9817BA0D252EC09A003C7784 /* Model */ = {
			isa = PBXGroup;
			children = (
				98CE5B622532ABD700B25FC9 /* User.swift */,
				98CE5B9125333BD400B25FC9 /* Tweet.swift */,
			);
			path = Model;
			sourceTree = "<group>";
		};
		9817BA0E252EC0C9003C7784 /* Utilities */ = {
			isa = PBXGroup;
			children = (
				9817BA52252EF6D3003C7784 /* Extension.swift */,
				9817BA5E2531424F003C7784 /* Utilities.swift */,
				9817BA8825320388003C7784 /* Contents.swift */,
			);
			path = Utilities;
			sourceTree = "<group>";
		};
		9817BA55252F492A003C7784 /* Authentication */ = {
			isa = PBXGroup;
			children = (
				9817BA56252F499F003C7784 /* LoginController.swift */,
				9817BA59252F4A58003C7784 /* RegistrationController.swift */,
			);
			path = Authentication;
			sourceTree = "<group>";
		};
		9877ECA3253D924A00A9A29B /*  ViewModel */ = {
			isa = PBXGroup;
			children = (
				9877ECA8253D92D500A9A29B /* TweetViewModel.swift */,
				9877ECB9253E0B2E00A9A29B /* ProfileHeaderViewModel.swift */,
			);
			path = " ViewModel";
			sourceTree = "<group>";
		};
		9AD3E07E2D94A3210A2651EC /* Pods */ = {
			isa = PBXGroup;
			children = (
				776EB9F31761D518A22A32CF /* Pods-TwitterTutorial.debug.xcconfig */,
				0C38C23F8FA2E16FF2818079 /* Pods-TwitterTutorial.release.xcconfig */,
			);
			path = Pods;
			sourceTree = "<group>";
		};
/* End PBXGroup section */

/* Begin PBXNativeTarget section */
		9817B9F0252EC055003C7784 /* TwitterTutorial */ = {
			isa = PBXNativeTarget;
			buildConfigurationList = 9817BA05252EC059003C7784 /* Build configuration list for PBXNativeTarget "TwitterTutorial" */;
			buildPhases = (
				F6F0343EB6E7E08443120368 /* [CP] Check Pods Manifest.lock */,
				9817B9ED252EC055003C7784 /* Sources */,
				9817B9EE252EC055003C7784 /* Frameworks */,
				9817B9EF252EC055003C7784 /* Resources */,
				D220BE698C3D6697682AB613 /* [CP] Embed Pods Frameworks */,
			);
			buildRules = (
			);
			dependencies = (
			);
			name = TwitterTutorial;
			productName = TwitterTutorial;
			productReference = 9817B9F1252EC055003C7784 /* TwitterTutorial.app */;
			productType = "com.apple.product-type.application";
		};
/* End PBXNativeTarget section */

/* Begin PBXProject section */
		9817B9E9252EC055003C7784 /* Project object */ = {
			isa = PBXProject;
			attributes = {
				LastSwiftUpdateCheck = 1200;
				LastUpgradeCheck = 1200;
				TargetAttributes = {
					9817B9F0252EC055003C7784 = {
						CreatedOnToolsVersion = 12.0;
					};
				};
			};
			buildConfigurationList = 9817B9EC252EC055003C7784 /* Build configuration list for PBXProject "TwitterTutorial" */;
			compatibilityVersion = "Xcode 9.3";
			developmentRegion = en;
			hasScannedForEncodings = 0;
			knownRegions = (
				en,
				Base,
			);
			mainGroup = 9817B9E8252EC055003C7784;
			productRefGroup = 9817B9F2252EC055003C7784 /* Products */;
			projectDirPath = "";
			projectRoot = "";
			targets = (
				9817B9F0252EC055003C7784 /* TwitterTutorial */,
			);
		};
/* End PBXProject section */

/* Begin PBXResourcesBuildPhase section */
		9817B9EF252EC055003C7784 /* Resources */ = {
			isa = PBXResourcesBuildPhase;
			buildActionMask = 2147483647;
			files = (
				9877ED03253ECD0500A9A29B /* GoogleService-Info.plist in Resources */,
				9817BA01252EC059003C7784 /* LaunchScreen.storyboard in Resources */,
				9817BA29252EC799003C7784 /* Assets.xcassets in Resources */,
			);
			runOnlyForDeploymentPostprocessing = 0;
		};
/* End PBXResourcesBuildPhase section */

/* Begin PBXShellScriptBuildPhase section */
		D220BE698C3D6697682AB613 /* [CP] Embed Pods Frameworks */ = {
			isa = PBXShellScriptBuildPhase;
			buildActionMask = 2147483647;
			files = (
			);
			inputFileListPaths = (
				"${PODS_ROOT}/Target Support Files/Pods-TwitterTutorial/Pods-TwitterTutorial-frameworks-${CONFIGURATION}-input-files.xcfilelist",
			);
			name = "[CP] Embed Pods Frameworks";
			outputFileListPaths = (
				"${PODS_ROOT}/Target Support Files/Pods-TwitterTutorial/Pods-TwitterTutorial-frameworks-${CONFIGURATION}-output-files.xcfilelist",
			);
			runOnlyForDeploymentPostprocessing = 0;
			shellPath = /bin/sh;
			shellScript = "\"${PODS_ROOT}/Target Support Files/Pods-TwitterTutorial/Pods-TwitterTutorial-frameworks.sh\"\n";
			showEnvVarsInLog = 0;
		};
		F6F0343EB6E7E08443120368 /* [CP] Check Pods Manifest.lock */ = {
			isa = PBXShellScriptBuildPhase;
			buildActionMask = 2147483647;
			files = (
			);
			inputFileListPaths = (
			);
			inputPaths = (
				"${PODS_PODFILE_DIR_PATH}/Podfile.lock",
				"${PODS_ROOT}/Manifest.lock",
			);
			name = "[CP] Check Pods Manifest.lock";
			outputFileListPaths = (
			);
			outputPaths = (
				"$(DERIVED_FILE_DIR)/Pods-TwitterTutorial-checkManifestLockResult.txt",
			);
			runOnlyForDeploymentPostprocessing = 0;
			shellPath = /bin/sh;
			shellScript = "diff \"${PODS_PODFILE_DIR_PATH}/Podfile.lock\" \"${PODS_ROOT}/Manifest.lock\" > /dev/null\nif [ $? != 0 ] ; then\n    # print error to STDERR\n    echo \"error: The sandbox is not in sync with the Podfile.lock. Run 'pod install' or update your CocoaPods installation.\" >&2\n    exit 1\nfi\n# This output is used by Xcode 'outputs' to avoid re-running this script phase.\necho \"SUCCESS\" > \"${SCRIPT_OUTPUT_FILE_0}\"\n";
			showEnvVarsInLog = 0;
		};
/* End PBXShellScriptBuildPhase section */

/* Begin PBXSourcesBuildPhase section */
		9817B9ED252EC055003C7784 /* Sources */ = {
			isa = PBXSourcesBuildPhase;
			buildActionMask = 2147483647;
			files = (
				98CE5B602532A78600B25FC9 /* UserService.swift in Sources */,
				9817BA1F252EC4E4003C7784 /* NotificationController.swift in Sources */,
				98CE5B8C2532D26600B25FC9 /* CaptionTextView.swift in Sources */,
				9877ECB7253DFCD500A9A29B /* ProfileFilterCell.swift in Sources */,
				9817BA8925320388003C7784 /* Contents.swift in Sources */,
				9817B9F5252EC055003C7784 /* AppDelegate.swift in Sources */,
				9817BA5F2531424F003C7784 /* Utilities.swift in Sources */,
				9817BA1C252EC4CF003C7784 /* ExploreController.swift in Sources */,
				9877ECAC253D9D0000A9A29B /* ProfileController.swift in Sources */,
				9877ECB0253DD4D400A9A29B /* ProfileHeader.swift in Sources */,
				98CE5B952534362900B25FC9 /* TweetCell.swift in Sources */,
				9817B9F7252EC055003C7784 /* SceneDelegate.swift in Sources */,
				9817BA8D25321551003C7784 /* AuthService.swift in Sources */,
				98CE5B892532BBA400B25FC9 /* UploadTweetController.swift in Sources */,
				98CE5B632532ABD700B25FC9 /* User.swift in Sources */,
				9817BA57252F499F003C7784 /* LoginController.swift in Sources */,
				9817BA16252EC3DF003C7784 /* MainTabController.swift in Sources */,
				9817BA22252EC4F2003C7784 /* ConversationController.swift in Sources */,
				9877ECA9253D92D500A9A29B /* TweetViewModel.swift in Sources */,
				9817BA19252EC4A0003C7784 /* FeedController.swift in Sources */,
				9817BA5A252F4A58003C7784 /* RegistrationController.swift in Sources */,
				9817BA53252EF6D3003C7784 /* Extension.swift in Sources */,
				98CE5B9225333BD400B25FC9 /* Tweet.swift in Sources */,
				98CE5B8F2532E4F100B25FC9 /* TweetService.swift in Sources */,
				9877ECBA253E0B2E00A9A29B /* ProfileHeaderViewModel.swift in Sources */,
				9877ECB3253DFA1200A9A29B /* ProfileFilterView.swift in Sources */,
			);
			runOnlyForDeploymentPostprocessing = 0;
		};
/* End PBXSourcesBuildPhase section */

/* Begin PBXVariantGroup section */
		9817B9FA252EC055003C7784 /* Main.storyboard */ = {
			isa = PBXVariantGroup;
			children = (
				9817B9FB252EC055003C7784 /* Base */,
			);
			name = Main.storyboard;
			sourceTree = "<group>";
		};
		9817B9FF252EC059003C7784 /* LaunchScreen.storyboard */ = {
			isa = PBXVariantGroup;
			children = (
				9817BA00252EC059003C7784 /* Base */,
			);
			name = LaunchScreen.storyboard;
			sourceTree = "<group>";
		};
/* End PBXVariantGroup section */

/* Begin XCBuildConfiguration section */
		9817BA03252EC059003C7784 /* Debug */ = {
			isa = XCBuildConfiguration;
			buildSettings = {
				ALWAYS_SEARCH_USER_PATHS = NO;
				CLANG_ANALYZER_NONNULL = YES;
				CLANG_ANALYZER_NUMBER_OBJECT_CONVERSION = YES_AGGRESSIVE;
				CLANG_CXX_LANGUAGE_STANDARD = "gnu++14";
				CLANG_CXX_LIBRARY = "libc++";
				CLANG_ENABLE_MODULES = YES;
				CLANG_ENABLE_OBJC_ARC = YES;
				CLANG_ENABLE_OBJC_WEAK = YES;
				CLANG_WARN_BLOCK_CAPTURE_AUTORELEASING = YES;
				CLANG_WARN_BOOL_CONVERSION = YES;
				CLANG_WARN_COMMA = YES;
				CLANG_WARN_CONSTANT_CONVERSION = YES;
				CLANG_WARN_DEPRECATED_OBJC_IMPLEMENTATIONS = YES;
				CLANG_WARN_DIRECT_OBJC_ISA_USAGE = YES_ERROR;
				CLANG_WARN_DOCUMENTATION_COMMENTS = YES;
				CLANG_WARN_EMPTY_BODY = YES;
				CLANG_WARN_ENUM_CONVERSION = YES;
				CLANG_WARN_INFINITE_RECURSION = YES;
				CLANG_WARN_INT_CONVERSION = YES;
				CLANG_WARN_NON_LITERAL_NULL_CONVERSION = YES;
				CLANG_WARN_OBJC_IMPLICIT_RETAIN_SELF = YES;
				CLANG_WARN_OBJC_LITERAL_CONVERSION = YES;
				CLANG_WARN_OBJC_ROOT_CLASS = YES_ERROR;
				CLANG_WARN_QUOTED_INCLUDE_IN_FRAMEWORK_HEADER = YES;
				CLANG_WARN_RANGE_LOOP_ANALYSIS = YES;
				CLANG_WARN_STRICT_PROTOTYPES = YES;
				CLANG_WARN_SUSPICIOUS_MOVE = YES;
				CLANG_WARN_UNGUARDED_AVAILABILITY = YES_AGGRESSIVE;
				CLANG_WARN_UNREACHABLE_CODE = YES;
				CLANG_WARN__DUPLICATE_METHOD_MATCH = YES;
				COPY_PHASE_STRIP = NO;
				DEBUG_INFORMATION_FORMAT = dwarf;
				ENABLE_STRICT_OBJC_MSGSEND = YES;
				ENABLE_TESTABILITY = YES;
				GCC_C_LANGUAGE_STANDARD = gnu11;
				GCC_DYNAMIC_NO_PIC = NO;
				GCC_NO_COMMON_BLOCKS = YES;
				GCC_OPTIMIZATION_LEVEL = 0;
				GCC_PREPROCESSOR_DEFINITIONS = (
					"DEBUG=1",
					"$(inherited)",
				);
				GCC_WARN_64_TO_32_BIT_CONVERSION = YES;
				GCC_WARN_ABOUT_RETURN_TYPE = YES_ERROR;
				GCC_WARN_UNDECLARED_SELECTOR = YES;
				GCC_WARN_UNINITIALIZED_AUTOS = YES_AGGRESSIVE;
				GCC_WARN_UNUSED_FUNCTION = YES;
				GCC_WARN_UNUSED_VARIABLE = YES;
				IPHONEOS_DEPLOYMENT_TARGET = 14.0;
				MTL_ENABLE_DEBUG_INFO = INCLUDE_SOURCE;
				MTL_FAST_MATH = YES;
				ONLY_ACTIVE_ARCH = YES;
				SDKROOT = iphoneos;
				SWIFT_ACTIVE_COMPILATION_CONDITIONS = DEBUG;
				SWIFT_OPTIMIZATION_LEVEL = "-Onone";
			};
			name = Debug;
		};
		9817BA04252EC059003C7784 /* Release */ = {
			isa = XCBuildConfiguration;
			buildSettings = {
				ALWAYS_SEARCH_USER_PATHS = NO;
				CLANG_ANALYZER_NONNULL = YES;
				CLANG_ANALYZER_NUMBER_OBJECT_CONVERSION = YES_AGGRESSIVE;
				CLANG_CXX_LANGUAGE_STANDARD = "gnu++14";
				CLANG_CXX_LIBRARY = "libc++";
				CLANG_ENABLE_MODULES = YES;
				CLANG_ENABLE_OBJC_ARC = YES;
				CLANG_ENABLE_OBJC_WEAK = YES;
				CLANG_WARN_BLOCK_CAPTURE_AUTORELEASING = YES;
				CLANG_WARN_BOOL_CONVERSION = YES;
				CLANG_WARN_COMMA = YES;
				CLANG_WARN_CONSTANT_CONVERSION = YES;
				CLANG_WARN_DEPRECATED_OBJC_IMPLEMENTATIONS = YES;
				CLANG_WARN_DIRECT_OBJC_ISA_USAGE = YES_ERROR;
				CLANG_WARN_DOCUMENTATION_COMMENTS = YES;
				CLANG_WARN_EMPTY_BODY = YES;
				CLANG_WARN_ENUM_CONVERSION = YES;
				CLANG_WARN_INFINITE_RECURSION = YES;
				CLANG_WARN_INT_CONVERSION = YES;
				CLANG_WARN_NON_LITERAL_NULL_CONVERSION = YES;
				CLANG_WARN_OBJC_IMPLICIT_RETAIN_SELF = YES;
				CLANG_WARN_OBJC_LITERAL_CONVERSION = YES;
				CLANG_WARN_OBJC_ROOT_CLASS = YES_ERROR;
				CLANG_WARN_QUOTED_INCLUDE_IN_FRAMEWORK_HEADER = YES;
				CLANG_WARN_RANGE_LOOP_ANALYSIS = YES;
				CLANG_WARN_STRICT_PROTOTYPES = YES;
				CLANG_WARN_SUSPICIOUS_MOVE = YES;
				CLANG_WARN_UNGUARDED_AVAILABILITY = YES_AGGRESSIVE;
				CLANG_WARN_UNREACHABLE_CODE = YES;
				CLANG_WARN__DUPLICATE_METHOD_MATCH = YES;
				COPY_PHASE_STRIP = NO;
				DEBUG_INFORMATION_FORMAT = "dwarf-with-dsym";
				ENABLE_NS_ASSERTIONS = NO;
				ENABLE_STRICT_OBJC_MSGSEND = YES;
				GCC_C_LANGUAGE_STANDARD = gnu11;
				GCC_NO_COMMON_BLOCKS = YES;
				GCC_WARN_64_TO_32_BIT_CONVERSION = YES;
				GCC_WARN_ABOUT_RETURN_TYPE = YES_ERROR;
				GCC_WARN_UNDECLARED_SELECTOR = YES;
				GCC_WARN_UNINITIALIZED_AUTOS = YES_AGGRESSIVE;
				GCC_WARN_UNUSED_FUNCTION = YES;
				GCC_WARN_UNUSED_VARIABLE = YES;
				IPHONEOS_DEPLOYMENT_TARGET = 14.0;
				MTL_ENABLE_DEBUG_INFO = NO;
				MTL_FAST_MATH = YES;
				SDKROOT = iphoneos;
				SWIFT_COMPILATION_MODE = wholemodule;
				SWIFT_OPTIMIZATION_LEVEL = "-O";
				VALIDATE_PRODUCT = YES;
			};
			name = Release;
		};
		9817BA06252EC059003C7784 /* Debug */ = {
			isa = XCBuildConfiguration;
			baseConfigurationReference = 776EB9F31761D518A22A32CF /* Pods-TwitterTutorial.debug.xcconfig */;
			buildSettings = {
				ASSETCATALOG_COMPILER_APPICON_NAME = AppIcon;
				ASSETCATALOG_COMPILER_GLOBAL_ACCENT_COLOR_NAME = AccentColor;
				CODE_SIGN_STYLE = Automatic;
				DEVELOPMENT_TEAM = XG9UCHUCSL;
				INFOPLIST_FILE = TwitterTutorial/Info.plist;
				LD_RUNPATH_SEARCH_PATHS = (
					"$(inherited)",
					"@executable_path/Frameworks",
				);
				PRODUCT_BUNDLE_IDENTIFIER = com.aeg.qed.TwitterTutorial;
				PRODUCT_NAME = "$(TARGET_NAME)";
				SWIFT_VERSION = 5.0;
				TARGETED_DEVICE_FAMILY = "1,2";
			};
			name = Debug;
		};
		9817BA07252EC059003C7784 /* Release */ = {
			isa = XCBuildConfiguration;
			baseConfigurationReference = 0C38C23F8FA2E16FF2818079 /* Pods-TwitterTutorial.release.xcconfig */;
			buildSettings = {
				ASSETCATALOG_COMPILER_APPICON_NAME = AppIcon;
				ASSETCATALOG_COMPILER_GLOBAL_ACCENT_COLOR_NAME = AccentColor;
				CODE_SIGN_STYLE = Automatic;
				DEVELOPMENT_TEAM = XG9UCHUCSL;
				INFOPLIST_FILE = TwitterTutorial/Info.plist;
				LD_RUNPATH_SEARCH_PATHS = (
					"$(inherited)",
					"@executable_path/Frameworks",
				);
				PRODUCT_BUNDLE_IDENTIFIER = com.aeg.qed.TwitterTutorial;
				PRODUCT_NAME = "$(TARGET_NAME)";
				SWIFT_VERSION = 5.0;
				TARGETED_DEVICE_FAMILY = "1,2";
			};
			name = Release;
		};
/* End XCBuildConfiguration section */

/* Begin XCConfigurationList section */
		9817B9EC252EC055003C7784 /* Build configuration list for PBXProject "TwitterTutorial" */ = {
			isa = XCConfigurationList;
			buildConfigurations = (
				9817BA03252EC059003C7784 /* Debug */,
				9817BA04252EC059003C7784 /* Release */,
			);
			defaultConfigurationIsVisible = 0;
			defaultConfigurationName = Release;
		};
		9817BA05252EC059003C7784 /* Build configuration list for PBXNativeTarget "TwitterTutorial" */ = {
			isa = XCConfigurationList;
			buildConfigurations = (
				9817BA06252EC059003C7784 /* Debug */,
				9817BA07252EC059003C7784 /* Release */,
			);
			defaultConfigurationIsVisible = 0;
			defaultConfigurationName = Release;
		};
/* End XCConfigurationList section */
	};
	rootObject = 9817B9E9252EC055003C7784 /* Project object */;
}
